
Microsoft Visual Studio Solution File, Format Version 12.00
# Visual Studio Version 17
VisualStudioVersion = 17.10.35004.147
MinimumVisualStudioVersion = 10.0.40219.1
Project("{9A19103F-16F7-4668-BE54-9A1E7A4F7556}") = "TestForum", "TestForum\TestForum.csproj", "{A5EF0CCD-AA9E-43DC-8F31-A9CE37500E6B}"
EndProject
Project("{9A19103F-16F7-4668-BE54-9A1E7A4F7556}") = "TestForum.Data", "TestForum.Data\TestForum.Data.csproj", "{03BE6ACD-CEA8-4044-AD6C-DB545B90F26A}"
EndProject
Project("{FAE04EC0-301F-11D3-BF4B-00C04F79EFBC}") = "TestForum.Service", "TestForum.Service\TestForum.Service.csproj", "{2ACDE770-9427-40F9-B11C-6FD20C139BF6}"
EndProject
Global
	GlobalSection(SolutionConfigurationPlatforms) = preSolution
		Debug|Any CPU = Debug|Any CPU
		Release|Any CPU = Release|Any CPU
	EndGlobalSection
	GlobalSection(ProjectConfigurationPlatforms) = postSolution
		{A5EF0CCD-AA9E-43DC-8F31-A9CE37500E6B}.Debug|Any CPU.ActiveCfg = Debug|Any CPU
		{A5EF0CCD-AA9E-43DC-8F31-A9CE37500E6B}.Debug|Any CPU.Build.0 = Debug|Any CPU
		{A5EF0CCD-AA9E-43DC-8F31-A9CE37500E6B}.Release|Any CPU.ActiveCfg = Release|Any CPU
		{A5EF0CCD-AA9E-43DC-8F31-A9CE37500E6B}.Release|Any CPU.Build.0 = Release|Any CPU
		{03BE6ACD-CEA8-4044-AD6C-DB545B90F26A}.Debug|Any CPU.ActiveCfg = Debug|Any CPU
		{03BE6ACD-CEA8-4044-AD6C-DB545B90F26A}.Debug|Any CPU.Build.0 = Debug|Any CPU
		{03BE6ACD-CEA8-4044-AD6C-DB545B90F26A}.Release|Any CPU.ActiveCfg = Release|Any CPU
		{03BE6ACD-CEA8-4044-AD6C-DB545B90F26A}.Release|Any CPU.Build.0 = Release|Any CPU
		{2ACDE770-9427-40F9-B11C-6FD20C139BF6}.Debug|Any CPU.ActiveCfg = Debug|Any CPU
		{2ACDE770-9427-40F9-B11C-6FD20C139BF6}.Debug|Any CPU.Build.0 = Debug|Any CPU
		{2ACDE770-9427-40F9-B11C-6FD20C139BF6}.Release|Any CPU.ActiveCfg = Release|Any CPU
		{2ACDE770-9427-40F9-B11C-6FD20C139BF6}.Release|Any CPU.Build.0 = Release|Any CPU
	EndGlobalSection
	GlobalSection(SolutionProperties) = preSolution
		HideSolutionNode = FALSE
	EndGlobalSection
	GlobalSection(ExtensibilityGlobals) = postSolution
		SolutionGuid = {B615788F-B066-4BF5-AA91-9CC5574A8367}
	EndGlobalSection
EndGlobal
